
Microsoft Visual Studio Solution File, Format Version 12.00
# Visual Studio Version 17
VisualStudioVersion = 17.8.34309.116
MinimumVisualStudioVersion = 10.0.40219.1
Project("{FAE04EC0-301F-11D3-BF4B-00C04F79EFBC}") = "StructMembersAdding", "StructMembersAdding.csproj", "{27B260CA-DC35-4ECF-9C2C-92178AF39EB3}"
EndProject
Global
	GlobalSection(SolutionConfigurationPlatforms) = preSolution
		Debug|Any CPU = Debug|Any CPU
		Release|Any CPU = Release|Any CPU
	EndGlobalSection
	GlobalSection(ProjectConfigurationPlatforms) = postSolution
		{27B260CA-DC35-4ECF-9C2C-92178AF39EB3}.Debug|Any CPU.ActiveCfg = Debug|Any CPU
		{27B260CA-DC35-4ECF-9C2C-92178AF39EB3}.Debug|Any CPU.Build.0 = Debug|Any CPU
		{27B260CA-DC35-4ECF-9C2C-92178AF39EB3}.Release|Any CPU.ActiveCfg = Release|Any CPU
		{27B260CA-DC35-4ECF-9C2C-92178AF39EB3}.Release|Any CPU.Build.0 = Release|Any CPU
	EndGlobalSection
	GlobalSection(SolutionProperties) = preSolution
		HideSolutionNode = FALSE
	EndGlobalSection
	GlobalSection(ExtensibilityGlobals) = postSolution
		SolutionGuid = {A1DAE404-1CD4-4842-90E4-D6AAE8D3CBD4}
	EndGlobalSection
EndGlobal
