
Microsoft Visual Studio Solution File, Format Version 12.00
# Visual Studio Version 17
VisualStudioVersion = 17.14.36511.14 d17.14
MinimumVisualStudioVersion = 10.0.40219.1
Project("{FAE04EC0-301F-11D3-BF4B-00C04F79EFBC}") = "DelegatePeldaKivalogatas", "DelegatePeldaKivalogatas.csproj", "{05479444-7657-4650-B92A-5B476211A59C}"
EndProject
Global
	GlobalSection(SolutionConfigurationPlatforms) = preSolution
		Debug|Any CPU = Debug|Any CPU
		Release|Any CPU = Release|Any CPU
	EndGlobalSection
	GlobalSection(ProjectConfigurationPlatforms) = postSolution
		{05479444-7657-4650-B92A-5B476211A59C}.Debug|Any CPU.ActiveCfg = Debug|Any CPU
		{05479444-7657-4650-B92A-5B476211A59C}.Debug|Any CPU.Build.0 = Debug|Any CPU
		{05479444-7657-4650-B92A-5B476211A59C}.Release|Any CPU.ActiveCfg = Release|Any CPU
		{05479444-7657-4650-B92A-5B476211A59C}.Release|Any CPU.Build.0 = Release|Any CPU
	EndGlobalSection
	GlobalSection(SolutionProperties) = preSolution
		HideSolutionNode = FALSE
	EndGlobalSection
	GlobalSection(ExtensibilityGlobals) = postSolution
		SolutionGuid = {5D412154-E1D2-44DB-9348-DAA736DED054}
	EndGlobalSection
EndGlobal
