
Microsoft Visual Studio Solution File, Format Version 12.00
# Visual Studio Version 17
VisualStudioVersion = 17.14.36518.9 d17.14
MinimumVisualStudioVersion = 10.0.40219.1
Project("{FAE04EC0-301F-11D3-BF4B-00C04F79EFBC}") = "AlgorithmITmegmertettetes2025Utaslista", "AlgorithmITmegmertettetes2025Utaslista.csproj", "{2EEEDA99-752F-449E-9316-8F6CEEF045C1}"
EndProject
Global
	GlobalSection(SolutionConfigurationPlatforms) = preSolution
		Debug|Any CPU = Debug|Any CPU
		Release|Any CPU = Release|Any CPU
	EndGlobalSection
	GlobalSection(ProjectConfigurationPlatforms) = postSolution
		{2EEEDA99-752F-449E-9316-8F6CEEF045C1}.Debug|Any CPU.ActiveCfg = Debug|Any CPU
		{2EEEDA99-752F-449E-9316-8F6CEEF045C1}.Debug|Any CPU.Build.0 = Debug|Any CPU
		{2EEEDA99-752F-449E-9316-8F6CEEF045C1}.Release|Any CPU.ActiveCfg = Release|Any CPU
		{2EEEDA99-752F-449E-9316-8F6CEEF045C1}.Release|Any CPU.Build.0 = Release|Any CPU
	EndGlobalSection
	GlobalSection(SolutionProperties) = preSolution
		HideSolutionNode = FALSE
	EndGlobalSection
	GlobalSection(ExtensibilityGlobals) = postSolution
		SolutionGuid = {B0D2D1FA-F075-41F8-9243-15AD99D92FB1}
	EndGlobalSection
EndGlobal
