
Microsoft Visual Studio Solution File, Format Version 12.00
# Visual Studio Version 17
VisualStudioVersion = 17.8.34309.116
MinimumVisualStudioVersion = 10.0.40219.1
Project("{FAE04EC0-301F-11D3-BF4B-00C04F79EFBC}") = "HelloWorld", "HelloWorld.csproj", "{A2F0BAA1-A9EA-41BD-B67B-7FD2A61D89BD}"
EndProject
Global
	GlobalSection(SolutionConfigurationPlatforms) = preSolution
		Debug|Any CPU = Debug|Any CPU
		Release|Any CPU = Release|Any CPU
	EndGlobalSection
	GlobalSection(ProjectConfigurationPlatforms) = postSolution
		{A2F0BAA1-A9EA-41BD-B67B-7FD2A61D89BD}.Debug|Any CPU.ActiveCfg = Debug|Any CPU
		{A2F0BAA1-A9EA-41BD-B67B-7FD2A61D89BD}.Debug|Any CPU.Build.0 = Debug|Any CPU
		{A2F0BAA1-A9EA-41BD-B67B-7FD2A61D89BD}.Release|Any CPU.ActiveCfg = Release|Any CPU
		{A2F0BAA1-A9EA-41BD-B67B-7FD2A61D89BD}.Release|Any CPU.Build.0 = Release|Any CPU
	EndGlobalSection
	GlobalSection(SolutionProperties) = preSolution
		HideSolutionNode = FALSE
	EndGlobalSection
	GlobalSection(ExtensibilityGlobals) = postSolution
		SolutionGuid = {33B9801A-68BE-459E-9CBB-440E9C378675}
	EndGlobalSection
EndGlobal
