
Microsoft Visual Studio Solution File, Format Version 12.00
# Visual Studio Version 17
VisualStudioVersion = 17.14.36518.9 d17.14
MinimumVisualStudioVersion = 10.0.40219.1
Project("{FAE04EC0-301F-11D3-BF4B-00C04F79EFBC}") = "InfoTermekekDLL", "InfoTermekekDLL\InfoTermekekDLL.csproj", "{16E764E8-0CE8-481B-A46D-DE907910A36F}"
EndProject
Project("{FAE04EC0-301F-11D3-BF4B-00C04F79EFBC}") = "InfoTermekekAdmin", "InfoTermekekAdmin\InfoTermekekAdmin.csproj", "{C2DBC636-D2D2-4D97-AEDC-6520D6798DC1}"
EndProject
Global
	GlobalSection(SolutionConfigurationPlatforms) = preSolution
		Debug|Any CPU = Debug|Any CPU
		Release|Any CPU = Release|Any CPU
	EndGlobalSection
	GlobalSection(ProjectConfigurationPlatforms) = postSolution
		{16E764E8-0CE8-481B-A46D-DE907910A36F}.Debug|Any CPU.ActiveCfg = Debug|Any CPU
		{16E764E8-0CE8-481B-A46D-DE907910A36F}.Debug|Any CPU.Build.0 = Debug|Any CPU
		{16E764E8-0CE8-481B-A46D-DE907910A36F}.Release|Any CPU.ActiveCfg = Release|Any CPU
		{16E764E8-0CE8-481B-A46D-DE907910A36F}.Release|Any CPU.Build.0 = Release|Any CPU
		{C2DBC636-D2D2-4D97-AEDC-6520D6798DC1}.Debug|Any CPU.ActiveCfg = Debug|Any CPU
		{C2DBC636-D2D2-4D97-AEDC-6520D6798DC1}.Debug|Any CPU.Build.0 = Debug|Any CPU
		{C2DBC636-D2D2-4D97-AEDC-6520D6798DC1}.Release|Any CPU.ActiveCfg = Release|Any CPU
		{C2DBC636-D2D2-4D97-AEDC-6520D6798DC1}.Release|Any CPU.Build.0 = Release|Any CPU
	EndGlobalSection
	GlobalSection(SolutionProperties) = preSolution
		HideSolutionNode = FALSE
	EndGlobalSection
	GlobalSection(ExtensibilityGlobals) = postSolution
		SolutionGuid = {58AFB781-2B8A-4007-88C3-43762ECBC1AF}
	EndGlobalSection
EndGlobal
