
Microsoft Visual Studio Solution File, Format Version 12.00
# Visual Studio Version 17
VisualStudioVersion = 17.14.36518.9 d17.14
MinimumVisualStudioVersion = 10.0.40219.1
Project("{FAE04EC0-301F-11D3-BF4B-00C04F79EFBC}") = "AlgorithmITmegmertettetes2025Ajandek", "AlgorithmITmegmertettetes2025Ajandek.csproj", "{77AD96AC-2086-484E-9415-8FCF26147ECF}"
EndProject
Global
	GlobalSection(SolutionConfigurationPlatforms) = preSolution
		Debug|Any CPU = Debug|Any CPU
		Release|Any CPU = Release|Any CPU
	EndGlobalSection
	GlobalSection(ProjectConfigurationPlatforms) = postSolution
		{77AD96AC-2086-484E-9415-8FCF26147ECF}.Debug|Any CPU.ActiveCfg = Debug|Any CPU
		{77AD96AC-2086-484E-9415-8FCF26147ECF}.Debug|Any CPU.Build.0 = Debug|Any CPU
		{77AD96AC-2086-484E-9415-8FCF26147ECF}.Release|Any CPU.ActiveCfg = Release|Any CPU
		{77AD96AC-2086-484E-9415-8FCF26147ECF}.Release|Any CPU.Build.0 = Release|Any CPU
	EndGlobalSection
	GlobalSection(SolutionProperties) = preSolution
		HideSolutionNode = FALSE
	EndGlobalSection
	GlobalSection(ExtensibilityGlobals) = postSolution
		SolutionGuid = {C91D0567-07D3-4F7A-8DC5-242F9D9F85A4}
	EndGlobalSection
EndGlobal
