
Microsoft Visual Studio Solution File, Format Version 12.00
# Visual Studio Version 17
VisualStudioVersion = 17.14.36511.14 d17.14
MinimumVisualStudioVersion = 10.0.40219.1
Project("{FAE04EC0-301F-11D3-BF4B-00C04F79EFBC}") = "SajatKivetelPeldaHalmaz", "SajatKivetelPeldaHalmaz.csproj", "{4B88477D-A006-4033-9463-BBA0AB0380F6}"
EndProject
Global
	GlobalSection(SolutionConfigurationPlatforms) = preSolution
		Debug|Any CPU = Debug|Any CPU
		Release|Any CPU = Release|Any CPU
	EndGlobalSection
	GlobalSection(ProjectConfigurationPlatforms) = postSolution
		{4B88477D-A006-4033-9463-BBA0AB0380F6}.Debug|Any CPU.ActiveCfg = Debug|Any CPU
		{4B88477D-A006-4033-9463-BBA0AB0380F6}.Debug|Any CPU.Build.0 = Debug|Any CPU
		{4B88477D-A006-4033-9463-BBA0AB0380F6}.Release|Any CPU.ActiveCfg = Release|Any CPU
		{4B88477D-A006-4033-9463-BBA0AB0380F6}.Release|Any CPU.Build.0 = Release|Any CPU
	EndGlobalSection
	GlobalSection(SolutionProperties) = preSolution
		HideSolutionNode = FALSE
	EndGlobalSection
	GlobalSection(ExtensibilityGlobals) = postSolution
		SolutionGuid = {A9ECAD6B-73D5-4432-BCD1-F49268A5454D}
	EndGlobalSection
EndGlobal
