
Microsoft Visual Studio Solution File, Format Version 12.00
# Visual Studio Version 17
VisualStudioVersion = 17.14.36518.9 d17.14
MinimumVisualStudioVersion = 10.0.40219.1
Project("{FAE04EC0-301F-11D3-BF4B-00C04F79EFBC}") = "AlgorithmITmegmertettetes2025Szigetvilag", "AlgorithmITmegmertettetes2025Szigetvilag.csproj", "{A3189C33-F7F4-462F-93A0-BCC4F885FD18}"
EndProject
Global
	GlobalSection(SolutionConfigurationPlatforms) = preSolution
		Debug|Any CPU = Debug|Any CPU
		Release|Any CPU = Release|Any CPU
	EndGlobalSection
	GlobalSection(ProjectConfigurationPlatforms) = postSolution
		{A3189C33-F7F4-462F-93A0-BCC4F885FD18}.Debug|Any CPU.ActiveCfg = Debug|Any CPU
		{A3189C33-F7F4-462F-93A0-BCC4F885FD18}.Debug|Any CPU.Build.0 = Debug|Any CPU
		{A3189C33-F7F4-462F-93A0-BCC4F885FD18}.Release|Any CPU.ActiveCfg = Release|Any CPU
		{A3189C33-F7F4-462F-93A0-BCC4F885FD18}.Release|Any CPU.Build.0 = Release|Any CPU
	EndGlobalSection
	GlobalSection(SolutionProperties) = preSolution
		HideSolutionNode = FALSE
	EndGlobalSection
	GlobalSection(ExtensibilityGlobals) = postSolution
		SolutionGuid = {632C2E01-4891-43B2-A00B-2291B6D7AE39}
	EndGlobalSection
EndGlobal
